
Microsoft Visual Studio Solution File, Format Version 12.00
# Visual Studio Version 17
VisualStudioVersion = 17.2.32616.157
MinimumVisualStudioVersion = 10.0.40219.1
Project("{FAE04EC0-301F-11D3-BF4B-00C04F79EFBC}") = "CLASE1", "CLASE1.csproj", "{139E457D-9BB8-49DA-9F95-EE1B172A7B9C}"
EndProject
Global
	GlobalSection(SolutionConfigurationPlatforms) = preSolution
		Debug|Any CPU = Debug|Any CPU
		Release|Any CPU = Release|Any CPU
	EndGlobalSection
	GlobalSection(ProjectConfigurationPlatforms) = postSolution
		{139E457D-9BB8-49DA-9F95-EE1B172A7B9C}.Debug|Any CPU.ActiveCfg = Debug|Any CPU
		{139E457D-9BB8-49DA-9F95-EE1B172A7B9C}.Debug|Any CPU.Build.0 = Debug|Any CPU
		{139E457D-9BB8-49DA-9F95-EE1B172A7B9C}.Release|Any CPU.ActiveCfg = Release|Any CPU
		{139E457D-9BB8-49DA-9F95-EE1B172A7B9C}.Release|Any CPU.Build.0 = Release|Any CPU
	EndGlobalSection
	GlobalSection(SolutionProperties) = preSolution
		HideSolutionNode = FALSE
	EndGlobalSection
	GlobalSection(ExtensibilityGlobals) = postSolution
		SolutionGuid = {4E2FF417-C2D4-41B4-93E2-EBC8B5C80423}
	EndGlobalSection
EndGlobal
