
Microsoft Visual Studio Solution File, Format Version 12.00
# Visual Studio Version 17
VisualStudioVersion = 17.2.32616.157
MinimumVisualStudioVersion = 10.0.40219.1
Project("{FAE04EC0-301F-11D3-BF4B-00C04F79EFBC}") = "CURSODIA1", "CURSODIA1.csproj", "{38047132-D716-48FE-816F-412D1BE1A1C2}"
EndProject
Global
	GlobalSection(SolutionConfigurationPlatforms) = preSolution
		Debug|Any CPU = Debug|Any CPU
		Release|Any CPU = Release|Any CPU
	EndGlobalSection
	GlobalSection(ProjectConfigurationPlatforms) = postSolution
		{38047132-D716-48FE-816F-412D1BE1A1C2}.Debug|Any CPU.ActiveCfg = Debug|Any CPU
		{38047132-D716-48FE-816F-412D1BE1A1C2}.Debug|Any CPU.Build.0 = Debug|Any CPU
		{38047132-D716-48FE-816F-412D1BE1A1C2}.Release|Any CPU.ActiveCfg = Release|Any CPU
		{38047132-D716-48FE-816F-412D1BE1A1C2}.Release|Any CPU.Build.0 = Release|Any CPU
	EndGlobalSection
	GlobalSection(SolutionProperties) = preSolution
		HideSolutionNode = FALSE
	EndGlobalSection
	GlobalSection(ExtensibilityGlobals) = postSolution
		SolutionGuid = {65A1C24F-8F83-4526-9A87-F125C4451405}
	EndGlobalSection
EndGlobal
